
Microsoft Visual Studio Solution File, Format Version 12.00
# Visual Studio Version 17
VisualStudioVersion = 17.0.31903.59
MinimumVisualStudioVersion = 10.0.40219.1
Project("{FAE04EC0-301F-11D3-BF4B-00C04F79EFBC}") = "Credit.Infrastructure", "Src\Core\Credit.Infrastructure\Credit.Infrastructure.csproj", "{D7AB211A-EC20-4259-B5BE-22EEEEC2461D}"
EndProject
Project("{FAE04EC0-301F-11D3-BF4B-00C04F79EFBC}") = "Credit.Domain", "Src\Core\Credit.Domain\Credit.Domain.csproj", "{D1A89899-8D13-4350-9A8B-6AF717365E86}"
EndProject
Project("{FAE04EC0-301F-11D3-BF4B-00C04F79EFBC}") = "Credit.Application", "Src\Core\Credit.Application\Credit.Application.csproj", "{BF1BA777-328E-4F09-9C2B-04CB0ACF2843}"
EndProject
Project("{FAE04EC0-301F-11D3-BF4B-00C04F79EFBC}") = "Credit.WebApi", "Src\Core\Credit.WebApi\Credit.WebApi.csproj", "{3EDFEF99-2277-4EB7-A7D8-EFEE470B6D54}"
EndProject
Project("{FAE04EC0-301F-11D3-BF4B-00C04F79EFBC}") = "SharedKernel", "Src\Shared\SharedKernel\SharedKernel.csproj", "{0369669D-A9EB-49B1-B5C4-37F55D1DDD39}"
EndProject
Project("{FAE04EC0-301F-11D3-BF4B-00C04F79EFBC}") = "SmartCore.Telemetry", "Src\Shared\SmartCore.Telemetry\SmartCore.Telemetry.csproj", "{13B41453-162D-4151-A29D-EDF9EEA67F05}"
EndProject
Project("{2150E333-8FDC-42A3-9474-1A3956D46DE8}") = "Src", "Src", "{7A37470B-F8CF-46F2-B7FD-7713CB46922F}"
EndProject
Project("{2150E333-8FDC-42A3-9474-1A3956D46DE8}") = "Core", "Core", "{B8DE1A65-BABD-47B6-9C7F-2BC64E72A53C}"
EndProject
Project("{2150E333-8FDC-42A3-9474-1A3956D46DE8}") = "Shared", "Shared", "{E1792A89-9C7C-4BAC-9A14-B8AFD80C7273}"
EndProject
Global
	GlobalSection(SolutionConfigurationPlatforms) = preSolution
		Debug|Any CPU = Debug|Any CPU
		Release|Any CPU = Release|Any CPU
	EndGlobalSection
	GlobalSection(SolutionProperties) = preSolution
		HideSolutionNode = FALSE
	EndGlobalSection
	GlobalSection(ProjectConfigurationPlatforms) = postSolution
		{D7AB211A-EC20-4259-B5BE-22EEEEC2461D}.Debug|Any CPU.ActiveCfg = Debug|Any CPU
		{D7AB211A-EC20-4259-B5BE-22EEEEC2461D}.Debug|Any CPU.Build.0 = Debug|Any CPU
		{D7AB211A-EC20-4259-B5BE-22EEEEC2461D}.Release|Any CPU.ActiveCfg = Release|Any CPU
		{D7AB211A-EC20-4259-B5BE-22EEEEC2461D}.Release|Any CPU.Build.0 = Release|Any CPU
		{D1A89899-8D13-4350-9A8B-6AF717365E86}.Debug|Any CPU.ActiveCfg = Debug|Any CPU
		{D1A89899-8D13-4350-9A8B-6AF717365E86}.Debug|Any CPU.Build.0 = Debug|Any CPU
		{D1A89899-8D13-4350-9A8B-6AF717365E86}.Release|Any CPU.ActiveCfg = Release|Any CPU
		{D1A89899-8D13-4350-9A8B-6AF717365E86}.Release|Any CPU.Build.0 = Release|Any CPU
		{BF1BA777-328E-4F09-9C2B-04CB0ACF2843}.Debug|Any CPU.ActiveCfg = Debug|Any CPU
		{BF1BA777-328E-4F09-9C2B-04CB0ACF2843}.Debug|Any CPU.Build.0 = Debug|Any CPU
		{BF1BA777-328E-4F09-9C2B-04CB0ACF2843}.Release|Any CPU.ActiveCfg = Release|Any CPU
		{BF1BA777-328E-4F09-9C2B-04CB0ACF2843}.Release|Any CPU.Build.0 = Release|Any CPU
		{3EDFEF99-2277-4EB7-A7D8-EFEE470B6D54}.Debug|Any CPU.ActiveCfg = Debug|Any CPU
		{3EDFEF99-2277-4EB7-A7D8-EFEE470B6D54}.Debug|Any CPU.Build.0 = Debug|Any CPU
		{3EDFEF99-2277-4EB7-A7D8-EFEE470B6D54}.Release|Any CPU.ActiveCfg = Release|Any CPU
		{3EDFEF99-2277-4EB7-A7D8-EFEE470B6D54}.Release|Any CPU.Build.0 = Release|Any CPU
		{0369669D-A9EB-49B1-B5C4-37F55D1DDD39}.Debug|Any CPU.ActiveCfg = Debug|Any CPU
		{0369669D-A9EB-49B1-B5C4-37F55D1DDD39}.Debug|Any CPU.Build.0 = Debug|Any CPU
		{0369669D-A9EB-49B1-B5C4-37F55D1DDD39}.Release|Any CPU.ActiveCfg = Release|Any CPU
		{0369669D-A9EB-49B1-B5C4-37F55D1DDD39}.Release|Any CPU.Build.0 = Release|Any CPU
		{13B41453-162D-4151-A29D-EDF9EEA67F05}.Debug|Any CPU.ActiveCfg = Debug|Any CPU
		{13B41453-162D-4151-A29D-EDF9EEA67F05}.Debug|Any CPU.Build.0 = Debug|Any CPU
		{13B41453-162D-4151-A29D-EDF9EEA67F05}.Release|Any CPU.ActiveCfg = Release|Any CPU
		{13B41453-162D-4151-A29D-EDF9EEA67F05}.Release|Any CPU.Build.0 = Release|Any CPU
	EndGlobalSection
	GlobalSection(NestedProjects) = preSolution
		{B8DE1A65-BABD-47B6-9C7F-2BC64E72A53C} = {7A37470B-F8CF-46F2-B7FD-7713CB46922F}
		{E1792A89-9C7C-4BAC-9A14-B8AFD80C7273} = {7A37470B-F8CF-46F2-B7FD-7713CB46922F}
		{BF1BA777-328E-4F09-9C2B-04CB0ACF2843} = {B8DE1A65-BABD-47B6-9C7F-2BC64E72A53C}
		{D1A89899-8D13-4350-9A8B-6AF717365E86} = {B8DE1A65-BABD-47B6-9C7F-2BC64E72A53C}
		{D7AB211A-EC20-4259-B5BE-22EEEEC2461D} = {B8DE1A65-BABD-47B6-9C7F-2BC64E72A53C}
		{3EDFEF99-2277-4EB7-A7D8-EFEE470B6D54} = {B8DE1A65-BABD-47B6-9C7F-2BC64E72A53C}
		{0369669D-A9EB-49B1-B5C4-37F55D1DDD39} = {E1792A89-9C7C-4BAC-9A14-B8AFD80C7273}
		{13B41453-162D-4151-A29D-EDF9EEA67F05} = {E1792A89-9C7C-4BAC-9A14-B8AFD80C7273}
	EndGlobalSection
EndGlobal
