
Microsoft Visual Studio Solution File, Format Version 12.00
# Visual Studio Version 17
VisualStudioVersion = 17.11.35219.272
MinimumVisualStudioVersion = 10.0.40219.1
Project("{9A19103F-16F7-4668-BE54-9A1E7A4F7556}") = "person-api", "person-api\person-api.csproj", "{A18ACB4B-7FED-4D51-BC9E-4EBD5B371B1A}"
EndProject
Project("{FAE04EC0-301F-11D3-BF4B-00C04F79EFBC}") = "Microservices.AppHost", "Microservices.AppHost\Microservices.AppHost.csproj", "{D0D21CF9-9F64-42A4-AC63-7D9E29373344}"
EndProject
Project("{9A19103F-16F7-4668-BE54-9A1E7A4F7556}") = "Microservices.ServiceDefaults", "Microservices.ServiceDefaults\Microservices.ServiceDefaults.csproj", "{46B58BFB-13C5-48CC-A607-0F073235C557}"
EndProject
Global
	GlobalSection(SolutionConfigurationPlatforms) = preSolution
		Debug|Any CPU = Debug|Any CPU
		Release|Any CPU = Release|Any CPU
	EndGlobalSection
	GlobalSection(ProjectConfigurationPlatforms) = postSolution
		{A18ACB4B-7FED-4D51-BC9E-4EBD5B371B1A}.Debug|Any CPU.ActiveCfg = Debug|Any CPU
		{A18ACB4B-7FED-4D51-BC9E-4EBD5B371B1A}.Debug|Any CPU.Build.0 = Debug|Any CPU
		{A18ACB4B-7FED-4D51-BC9E-4EBD5B371B1A}.Release|Any CPU.ActiveCfg = Release|Any CPU
		{A18ACB4B-7FED-4D51-BC9E-4EBD5B371B1A}.Release|Any CPU.Build.0 = Release|Any CPU
		{D0D21CF9-9F64-42A4-AC63-7D9E29373344}.Debug|Any CPU.ActiveCfg = Debug|Any CPU
		{D0D21CF9-9F64-42A4-AC63-7D9E29373344}.Debug|Any CPU.Build.0 = Debug|Any CPU
		{D0D21CF9-9F64-42A4-AC63-7D9E29373344}.Release|Any CPU.ActiveCfg = Release|Any CPU
		{D0D21CF9-9F64-42A4-AC63-7D9E29373344}.Release|Any CPU.Build.0 = Release|Any CPU
		{46B58BFB-13C5-48CC-A607-0F073235C557}.Debug|Any CPU.ActiveCfg = Debug|Any CPU
		{46B58BFB-13C5-48CC-A607-0F073235C557}.Debug|Any CPU.Build.0 = Debug|Any CPU
		{46B58BFB-13C5-48CC-A607-0F073235C557}.Release|Any CPU.ActiveCfg = Release|Any CPU
		{46B58BFB-13C5-48CC-A607-0F073235C557}.Release|Any CPU.Build.0 = Release|Any CPU
	EndGlobalSection
	GlobalSection(SolutionProperties) = preSolution
		HideSolutionNode = FALSE
	EndGlobalSection
	GlobalSection(ExtensibilityGlobals) = postSolution
		SolutionGuid = {90143A40-F8D9-483D-8474-D31CF9193A29}
	EndGlobalSection
EndGlobal
